// !$*UTF8*$!
{
	archiveVersion = 1;
	classes = {
	};
	objectVersion = 56;
	objects = {

/* Begin PBXBuildFile section */
		18B8B0DC29505C8700FA873A /* AppDelegate.swift in Sources */ = {isa = PBXBuildFile; fileRef = 18B8B0DB29505C8700FA873A /* AppDelegate.swift */; };
		18B8B0DE29505C8700FA873A /* SceneDelegate.swift in Sources */ = {isa = PBXBuildFile; fileRef = 18B8B0DD29505C8700FA873A /* SceneDelegate.swift */; };
		18B8B0E029505C8700FA873A /* ViewController.swift in Sources */ = {isa = PBXBuildFile; fileRef = 18B8B0DF29505C8700FA873A /* ViewController.swift */; };
		18B8B0E329505C8700FA873A /* Main.storyboard in Resources */ = {isa = PBXBuildFile; fileRef = 18B8B0E129505C8700FA873A /* Main.storyboard */; };
		18B8B0E529505C8A00FA873A /* Assets.xcassets in Resources */ = {isa = PBXBuildFile; fileRef = 18B8B0E429505C8A00FA873A /* Assets.xcassets */; };
		18B8B0E829505C8A00FA873A /* LaunchScreen.storyboard in Resources */ = {isa = PBXBuildFile; fileRef = 18B8B0E629505C8A00FA873A /* LaunchScreen.storyboard */; };
		18B8B0F629505E2A00FA873A /* B.wav in Resources */ = {isa = PBXBuildFile; fileRef = 18B8B0EF29505E2900FA873A /* B.wav */; };
		18B8B0F729505E2A00FA873A /* D.wav in Resources */ = {isa = PBXBuildFile; fileRef = 18B8B0F029505E2900FA873A /* D.wav */; };
		18B8B0F829505E2A00FA873A /* A.wav in Resources */ = {isa = PBXBuildFile; fileRef = 18B8B0F129505E2900FA873A /* A.wav */; };
		18B8B0F929505E2A00FA873A /* F.wav in Resources */ = {isa = PBXBuildFile; fileRef = 18B8B0F229505E2A00FA873A /* F.wav */; };
		18B8B0FA29505E2A00FA873A /* C.wav in Resources */ = {isa = PBXBuildFile; fileRef = 18B8B0F329505E2A00FA873A /* C.wav */; };
		18B8B0FB29505E2A00FA873A /* G.wav in Resources */ = {isa = PBXBuildFile; fileRef = 18B8B0F429505E2A00FA873A /* G.wav */; };
		18B8B0FC29505E2A00FA873A /* E.wav in Resources */ = {isa = PBXBuildFile; fileRef = 18B8B0F529505E2A00FA873A /* E.wav */; };
/* End PBXBuildFile section */

/* Begin PBXFileReference section */
		18B8B0D829505C8700FA873A /* Xylophone.app */ = {isa = PBXFileReference; explicitFileType = wrapper.application; includeInIndex = 0; path = Xylophone.app; sourceTree = BUILT_PRODUCTS_DIR; };
		18B8B0DB29505C8700FA873A /* AppDelegate.swift */ = {isa = PBXFileReference; lastKnownFileType = sourcecode.swift; path = AppDelegate.swift; sourceTree = "<group>"; };
		18B8B0DD29505C8700FA873A /* SceneDelegate.swift */ = {isa = PBXFileReference; lastKnownFileType = sourcecode.swift; path = SceneDelegate.swift; sourceTree = "<group>"; };
		18B8B0DF29505C8700FA873A /* ViewController.swift */ = {isa = PBXFileReference; lastKnownFileType = sourcecode.swift; path = ViewController.swift; sourceTree = "<group>"; };
		18B8B0E229505C8700FA873A /* Base */ = {isa = PBXFileReference; lastKnownFileType = file.storyboard; name = Base; path = Base.lproj/Main.storyboard; sourceTree = "<group>"; };
		18B8B0E429505C8A00FA873A /* Assets.xcassets */ = {isa = PBXFileReference; lastKnownFileType = folder.assetcatalog; path = Assets.xcassets; sourceTree = "<group>"; };
		18B8B0E729505C8A00FA873A /* Base */ = {isa = PBXFileReference; lastKnownFileType = file.storyboard; name = Base; path = Base.lproj/LaunchScreen.storyboard; sourceTree = "<group>"; };
		18B8B0E929505C8A00FA873A /* Info.plist */ = {isa = PBXFileReference; lastKnownFileType = text.plist.xml; path = Info.plist; sourceTree = "<group>"; };
		18B8B0EF29505E2900FA873A /* B.wav */ = {isa = PBXFileReference; lastKnownFileType = audio.wav; path = B.wav; sourceTree = "<group>"; };
		18B8B0F029505E2900FA873A /* D.wav */ = {isa = PBXFileReference; lastKnownFileType = audio.wav; path = D.wav; sourceTree = "<group>"; };
		18B8B0F129505E2900FA873A /* A.wav */ = {isa = PBXFileReference; lastKnownFileType = audio.wav; path = A.wav; sourceTree = "<group>"; };
		18B8B0F229505E2A00FA873A /* F.wav */ = {isa = PBXFileReference; lastKnownFileType = audio.wav; path = F.wav; sourceTree = "<group>"; };
		18B8B0F329505E2A00FA873A /* C.wav */ = {isa = PBXFileReference; lastKnownFileType = audio.wav; path = C.wav; sourceTree = "<group>"; };
		18B8B0F429505E2A00FA873A /* G.wav */ = {isa = PBXFileReference; lastKnownFileType = audio.wav; path = G.wav; sourceTree = "<group>"; };
		18B8B0F529505E2A00FA873A /* E.wav */ = {isa = PBXFileReference; lastKnownFileType = audio.wav; path = E.wav; sourceTree = "<group>"; };
/* End PBXFileReference section */

/* Begin PBXFrameworksBuildPhase section */
		18B8B0D529505C8700FA873A /* Frameworks */ = {
			isa = PBXFrameworksBuildPhase;
			buildActionMask = 2147483647;
			files = (
			);
			runOnlyForDeploymentPostprocessing = 0;
		};
/* End PBXFrameworksBuildPhase section */

/* Begin PBXGroup section */
		18B8B0CF29505C8700FA873A = {
			isa = PBXGroup;
			children = (
				18B8B0DA29505C8700FA873A /* Xylophone */,
				18B8B0D929505C8700FA873A /* Products */,
			);
			sourceTree = "<group>";
		};
		18B8B0D929505C8700FA873A /* Products */ = {
			isa = PBXGroup;
			children = (
				18B8B0D829505C8700FA873A /* Xylophone.app */,
			);
			name = Products;
			sourceTree = "<group>";
		};
		18B8B0DA29505C8700FA873A /* Xylophone */ = {
			isa = PBXGroup;
			children = (
				18B8B0DB29505C8700FA873A /* AppDelegate.swift */,
				18B8B0DD29505C8700FA873A /* SceneDelegate.swift */,
				18B8B0DF29505C8700FA873A /* ViewController.swift */,
				18B8B0E129505C8700FA873A /* Main.storyboard */,
				18B8B0E429505C8A00FA873A /* Assets.xcassets */,
				18B8B0FD29505E3400FA873A /* Sounds */,
				18B8B0E629505C8A00FA873A /* LaunchScreen.storyboard */,
				18B8B0E929505C8A00FA873A /* Info.plist */,
			);
			path = Xylophone;
			sourceTree = "<group>";
		};
		18B8B0FD29505E3400FA873A /* Sounds */ = {
			isa = PBXGroup;
			children = (
				18B8B0F129505E2900FA873A /* A.wav */,
				18B8B0EF29505E2900FA873A /* B.wav */,
				18B8B0F329505E2A00FA873A /* C.wav */,
				18B8B0F029505E2900FA873A /* D.wav */,
				18B8B0F529505E2A00FA873A /* E.wav */,
				18B8B0F229505E2A00FA873A /* F.wav */,
				18B8B0F429505E2A00FA873A /* G.wav */,
			);
			path = Sounds;
			sourceTree = "<group>";
		};
/* End PBXGroup section */

/* Begin PBXNativeTarget section */
		18B8B0D729505C8700FA873A /* Xylophone */ = {
			isa = PBXNativeTarget;
			buildConfigurationList = 18B8B0EC29505C8A00FA873A /* Build configuration list for PBXNativeTarget "Xylophone" */;
			buildPhases = (
				18B8B0D429505C8700FA873A /* Sources */,
				18B8B0D529505C8700FA873A /* Frameworks */,
				18B8B0D629505C8700FA873A /* Resources */,
			);
			buildRules = (
			);
			dependencies = (
			);
			name = Xylophone;
			productName = Xylophone;
			productReference = 18B8B0D829505C8700FA873A /* Xylophone.app */;
			productType = "com.apple.product-type.application";
		};
/* End PBXNativeTarget section */

/* Begin PBXProject section */
		18B8B0D029505C8700FA873A /* Project object */ = {
			isa = PBXProject;
			attributes = {
				BuildIndependentTargetsInParallel = 1;
				LastSwiftUpdateCheck = 1420;
				LastUpgradeCheck = 1420;
				TargetAttributes = {
					18B8B0D729505C8700FA873A = {
						CreatedOnToolsVersion = 14.2;
					};
				};
			};
			buildConfigurationList = 18B8B0D329505C8700FA873A /* Build configuration list for PBXProject "Xylophone" */;
			compatibilityVersion = "Xcode 14.0";
			developmentRegion = en;
			hasScannedForEncodings = 0;
			knownRegions = (
				en,
				Base,
			);
			mainGroup = 18B8B0CF29505C8700FA873A;
			productRefGroup = 18B8B0D929505C8700FA873A /* Products */;
			projectDirPath = "";
			projectRoot = "";
			targets = (
				18B8B0D729505C8700FA873A /* Xylophone */,
			);
		};
/* End PBXProject section */

/* Begin PBXResourcesBuildPhase section */
		18B8B0D629505C8700FA873A /* Resources */ = {
			isa = PBXResourcesBuildPhase;
			buildActionMask = 2147483647;
			files = (
				18B8B0F629505E2A00FA873A /* B.wav in Resources */,
				18B8B0F729505E2A00FA873A /* D.wav in Resources */,
				18B8B0F829505E2A00FA873A /* A.wav in Resources */,
				18B8B0F929505E2A00FA873A /* F.wav in Resources */,
				18B8B0FA29505E2A00FA873A /* C.wav in Resources */,
				18B8B0FB29505E2A00FA873A /* G.wav in Resources */,
				18B8B0FC29505E2A00FA873A /* E.wav in Resources */,
				18B8B0E829505C8A00FA873A /* LaunchScreen.storyboard in Resources */,
				18B8B0E529505C8A00FA873A /* Assets.xcassets in Resources */,
				18B8B0E329505C8700FA873A /* Main.storyboard in Resources */,
			);
			runOnlyForDeploymentPostprocessing = 0;
		};
/* End PBXResourcesBuildPhase section */

/* Begin PBXSourcesBuildPhase section */
		18B8B0D429505C8700FA873A /* Sources */ = {
			isa = PBXSourcesBuildPhase;
			buildActionMask = 2147483647;
			files = (
				18B8B0E029505C8700FA873A /* ViewController.swift in Sources */,
				18B8B0DC29505C8700FA873A /* AppDelegate.swift in Sources */,
				18B8B0DE29505C8700FA873A /* SceneDelegate.swift in Sources */,
			);
			runOnlyForDeploymentPostprocessing = 0;
		};
/* End PBXSourcesBuildPhase section */

/* Begin PBXVariantGroup section */
		18B8B0E129505C8700FA873A /* Main.storyboard */ = {
			isa = PBXVariantGroup;
			children = (
				18B8B0E229505C8700FA873A /* Base */,
			);
			name = Main.storyboard;
			sourceTree = "<group>";
		};
		18B8B0E629505C8A00FA873A /* LaunchScreen.storyboard */ = {
			isa = PBXVariantGroup;
			children = (
				18B8B0E729505C8A00FA873A /* Base */,
			);
			name = LaunchScreen.storyboard;
			sourceTree = "<group>";
		};
/* End PBXVariantGroup section */

/* Begin XCBuildConfiguration section */
		18B8B0EA29505C8A00FA873A /* Debug */ = {
			isa = XCBuildConfiguration;
			buildSettings = {
				ALWAYS_SEARCH_USER_PATHS = NO;
				CLANG_ANALYZER_NONNULL = YES;
				CLANG_ANALYZER_NUMBER_OBJECT_CONVERSION = YES_AGGRESSIVE;
				CLANG_CXX_LANGUAGE_STANDARD = "gnu++20";
				CLANG_ENABLE_MODULES = YES;
				CLANG_ENABLE_OBJC_ARC = YES;
				CLANG_ENABLE_OBJC_WEAK = YES;
				CLANG_WARN_BLOCK_CAPTURE_AUTORELEASING = YES;
				CLANG_WARN_BOOL_CONVERSION = YES;
				CLANG_WARN_COMMA = YES;
				CLANG_WARN_CONSTANT_CONVERSION = YES;
				CLANG_WARN_DEPRECATED_OBJC_IMPLEMENTATIONS = YES;
				CLANG_WARN_DIRECT_OBJC_ISA_USAGE = YES_ERROR;
				CLANG_WARN_DOCUMENTATION_COMMENTS = YES;
				CLANG_WARN_EMPTY_BODY = YES;
				CLANG_WARN_ENUM_CONVERSION = YES;
				CLANG_WARN_INFINITE_RECURSION = YES;
				CLANG_WARN_INT_CONVERSION = YES;
				CLANG_WARN_NON_LITERAL_NULL_CONVERSION = YES;
				CLANG_WARN_OBJC_IMPLICIT_RETAIN_SELF = YES;
				CLANG_WARN_OBJC_LITERAL_CONVERSION = YES;
				CLANG_WARN_OBJC_ROOT_CLASS = YES_ERROR;
				CLANG_WARN_QUOTED_INCLUDE_IN_FRAMEWORK_HEADER = YES;
				CLANG_WARN_RANGE_LOOP_ANALYSIS = YES;
				CLANG_WARN_STRICT_PROTOTYPES = YES;
				CLANG_WARN_SUSPICIOUS_MOVE = YES;
				CLANG_WARN_UNGUARDED_AVAILABILITY = YES_AGGRESSIVE;
				CLANG_WARN_UNREACHABLE_CODE = YES;
				CLANG_WARN__DUPLICATE_METHOD_MATCH = YES;
				COPY_PHASE_STRIP = NO;
				DEBUG_INFORMATION_FORMAT = dwarf;
				ENABLE_STRICT_OBJC_MSGSEND = YES;
				ENABLE_TESTABILITY = YES;
				GCC_C_LANGUAGE_STANDARD = gnu11;
				GCC_DYNAMIC_NO_PIC = NO;
				GCC_NO_COMMON_BLOCKS = YES;
				GCC_OPTIMIZATION_LEVEL = 0;
				GCC_PREPROCESSOR_DEFINITIONS = (
					"DEBUG=1",
					"$(inherited)",
				);
				GCC_WARN_64_TO_32_BIT_CONVERSION = YES;
				GCC_WARN_ABOUT_RETURN_TYPE = YES_ERROR;
				GCC_WARN_UNDECLARED_SELECTOR = YES;
				GCC_WARN_UNINITIALIZED_AUTOS = YES_AGGRESSIVE;
				GCC_WARN_UNUSED_FUNCTION = YES;
				GCC_WARN_UNUSED_VARIABLE = YES;
				IPHONEOS_DEPLOYMENT_TARGET = 16.2;
				MTL_ENABLE_DEBUG_INFO = INCLUDE_SOURCE;
				MTL_FAST_MATH = YES;
				ONLY_ACTIVE_ARCH = YES;
				SDKROOT = iphoneos;
				SWIFT_ACTIVE_COMPILATION_CONDITIONS = DEBUG;
				SWIFT_OPTIMIZATION_LEVEL = "-Onone";
			};
			name = Debug;
		};
		18B8B0EB29505C8A00FA873A /* Release */ = {
			isa = XCBuildConfiguration;
			buildSettings = {
				ALWAYS_SEARCH_USER_PATHS = NO;
				CLANG_ANALYZER_NONNULL = YES;
				CLANG_ANALYZER_NUMBER_OBJECT_CONVERSION = YES_AGGRESSIVE;
				CLANG_CXX_LANGUAGE_STANDARD = "gnu++20";
				CLANG_ENABLE_MODULES = YES;
				CLANG_ENABLE_OBJC_ARC = YES;
				CLANG_ENABLE_OBJC_WEAK = YES;
				CLANG_WARN_BLOCK_CAPTURE_AUTORELEASING = YES;
				CLANG_WARN_BOOL_CONVERSION = YES;
				CLANG_WARN_COMMA = YES;
				CLANG_WARN_CONSTANT_CONVERSION = YES;
				CLANG_WARN_DEPRECATED_OBJC_IMPLEMENTATIONS = YES;
				CLANG_WARN_DIRECT_OBJC_ISA_USAGE = YES_ERROR;
				CLANG_WARN_DOCUMENTATION_COMMENTS = YES;
				CLANG_WARN_EMPTY_BODY = YES;
				CLANG_WARN_ENUM_CONVERSION = YES;
				CLANG_WARN_INFINITE_RECURSION = YES;
				CLANG_WARN_INT_CONVERSION = YES;
				CLANG_WARN_NON_LITERAL_NULL_CONVERSION = YES;
				CLANG_WARN_OBJC_IMPLICIT_RETAIN_SELF = YES;
				CLANG_WARN_OBJC_LITERAL_CONVERSION = YES;
				CLANG_WARN_OBJC_ROOT_CLASS = YES_ERROR;
				CLANG_WARN_QUOTED_INCLUDE_IN_FRAMEWORK_HEADER = YES;
				CLANG_WARN_RANGE_LOOP_ANALYSIS = YES;
				CLANG_WARN_STRICT_PROTOTYPES = YES;
				CLANG_WARN_SUSPICIOUS_MOVE = YES;
				CLANG_WARN_UNGUARDED_AVAILABILITY = YES_AGGRESSIVE;
				CLANG_WARN_UNREACHABLE_CODE = YES;
				CLANG_WARN__DUPLICATE_METHOD_MATCH = YES;
				COPY_PHASE_STRIP = NO;
				DEBUG_INFORMATION_FORMAT = "dwarf-with-dsym";
				ENABLE_NS_ASSERTIONS = NO;
				ENABLE_STRICT_OBJC_MSGSEND = YES;
				GCC_C_LANGUAGE_STANDARD = gnu11;
				GCC_NO_COMMON_BLOCKS = YES;
				GCC_WARN_64_TO_32_BIT_CONVERSION = YES;
				GCC_WARN_ABOUT_RETURN_TYPE = YES_ERROR;
				GCC_WARN_UNDECLARED_SELECTOR = YES;
				GCC_WARN_UNINITIALIZED_AUTOS = YES_AGGRESSIVE;
				GCC_WARN_UNUSED_FUNCTION = YES;
				GCC_WARN_UNUSED_VARIABLE = YES;
				IPHONEOS_DEPLOYMENT_TARGET = 16.2;
				MTL_ENABLE_DEBUG_INFO = NO;
				MTL_FAST_MATH = YES;
				SDKROOT = iphoneos;
				SWIFT_COMPILATION_MODE = wholemodule;
				SWIFT_OPTIMIZATION_LEVEL = "-O";
				VALIDATE_PRODUCT = YES;
			};
			name = Release;
		};
		18B8B0ED29505C8A00FA873A /* Debug */ = {
			isa = XCBuildConfiguration;
			buildSettings = {
				ASSETCATALOG_COMPILER_APPICON_NAME = AppIcon;
				ASSETCATALOG_COMPILER_GLOBAL_ACCENT_COLOR_NAME = AccentColor;
				CODE_SIGN_STYLE = Automatic;
				CURRENT_PROJECT_VERSION = 1;
				DEVELOPMENT_TEAM = 4DC7DCS2U8;
				GENERATE_INFOPLIST_FILE = YES;
				INFOPLIST_FILE = Xylophone/Info.plist;
				INFOPLIST_KEY_UIApplicationSupportsIndirectInputEvents = YES;
				INFOPLIST_KEY_UILaunchStoryboardName = LaunchScreen;
				INFOPLIST_KEY_UIMainStoryboardFile = Main;
				INFOPLIST_KEY_UISupportedInterfaceOrientations_iPad = "UIInterfaceOrientationPortrait UIInterfaceOrientationPortraitUpsideDown UIInterfaceOrientationLandscapeLeft UIInterfaceOrientationLandscapeRight";
				INFOPLIST_KEY_UISupportedInterfaceOrientations_iPhone = "UIInterfaceOrientationPortrait UIInterfaceOrientationLandscapeLeft UIInterfaceOrientationLandscapeRight";
				IPHONEOS_DEPLOYMENT_TARGET = 13.0;
				LD_RUNPATH_SEARCH_PATHS = (
					"$(inherited)",
					"@executable_path/Frameworks",
				);
				MARKETING_VERSION = 1.0;
				PRODUCT_BUNDLE_IDENTIFIER = com.twisha.Xylophone;
				PRODUCT_NAME = "$(TARGET_NAME)";
				SUPPORTED_PLATFORMS = "iphoneos iphonesimulator";
				SUPPORTS_MACCATALYST = NO;
				SUPPORTS_MAC_DESIGNED_FOR_IPHONE_IPAD = NO;
				SWIFT_EMIT_LOC_STRINGS = YES;
				SWIFT_VERSION = 5.0;
				TARGETED_DEVICE_FAMILY = 1;
			};
			name = Debug;
		};
		18B8B0EE29505C8A00FA873A /* Release */ = {
			isa = XCBuildConfiguration;
			buildSettings = {
				ASSETCATALOG_COMPILER_APPICON_NAME = AppIcon;
				ASSETCATALOG_COMPILER_GLOBAL_ACCENT_COLOR_NAME = AccentColor;
				CODE_SIGN_STYLE = Automatic;
				CURRENT_PROJECT_VERSION = 1;
				DEVELOPMENT_TEAM = 4DC7DCS2U8;
				GENERATE_INFOPLIST_FILE = YES;
				INFOPLIST_FILE = Xylophone/Info.plist;
				INFOPLIST_KEY_UIApplicationSupportsIndirectInputEvents = YES;
				INFOPLIST_KEY_UILaunchStoryboardName = LaunchScreen;
				INFOPLIST_KEY_UIMainStoryboardFile = Main;
				INFOPLIST_KEY_UISupportedInterfaceOrientations_iPad = "UIInterfaceOrientationPortrait UIInterfaceOrientationPortraitUpsideDown UIInterfaceOrientationLandscapeLeft UIInterfaceOrientationLandscapeRight";
				INFOPLIST_KEY_UISupportedInterfaceOrientations_iPhone = "UIInterfaceOrientationPortrait UIInterfaceOrientationLandscapeLeft UIInterfaceOrientationLandscapeRight";
				IPHONEOS_DEPLOYMENT_TARGET = 13.0;
				LD_RUNPATH_SEARCH_PATHS = (
					"$(inherited)",
					"@executable_path/Frameworks",
				);
				MARKETING_VERSION = 1.0;
				PRODUCT_BUNDLE_IDENTIFIER = com.twisha.Xylophone;
				PRODUCT_NAME = "$(TARGET_NAME)";
				SUPPORTED_PLATFORMS = "iphoneos iphonesimulator";
				SUPPORTS_MACCATALYST = NO;
				SUPPORTS_MAC_DESIGNED_FOR_IPHONE_IPAD = NO;
				SWIFT_EMIT_LOC_STRINGS = YES;
				SWIFT_VERSION = 5.0;
				TARGETED_DEVICE_FAMILY = 1;
			};
			name = Release;
		};
/* End XCBuildConfiguration section */

/* Begin XCConfigurationList section */
		18B8B0D329505C8700FA873A /* Build configuration list for PBXProject "Xylophone" */ = {
			isa = XCConfigurationList;
			buildConfigurations = (
				18B8B0EA29505C8A00FA873A /* Debug */,
				18B8B0EB29505C8A00FA873A /* Release */,
			);
			defaultConfigurationIsVisible = 0;
			defaultConfigurationName = Release;
		};
		18B8B0EC29505C8A00FA873A /* Build configuration list for PBXNativeTarget "Xylophone" */ = {
			isa = XCConfigurationList;
			buildConfigurations = (
				18B8B0ED29505C8A00FA873A /* Debug */,
				18B8B0EE29505C8A00FA873A /* Release */,
			);
			defaultConfigurationIsVisible = 0;
			defaultConfigurationName = Release;
		};
/* End XCConfigurationList section */
	};
	rootObject = 18B8B0D029505C8700FA873A /* Project object */;
}
